
Microsoft Visual Studio Solution File, Format Version 12.00
# Visual Studio Version 16
VisualStudioVersion = 16.0.31005.135
MinimumVisualStudioVersion = 10.0.40219.1
Project("{9A19103F-16F7-4668-BE54-9A1E7A4F7556}") = "HN.Management.Web", "HN.Management.Web\HN.Management.Web.csproj", "{69F49261-25BF-4D24-9AC1-20442B59005F}"
EndProject
Project("{9A19103F-16F7-4668-BE54-9A1E7A4F7556}") = "HN.Management.Manager", "HN.Management.Manager\HN.Management.Manager.csproj", "{28E70B01-5774-4591-8558-2124528DA2F0}"
EndProject
Project("{9A19103F-16F7-4668-BE54-9A1E7A4F7556}") = "HN.Management.Engine", "HN.Management.Engine\HN.Management.Engine.csproj", "{F0BB6B61-04FB-4970-A323-7085DDAEEFDD}"
EndProject
Global
	GlobalSection(SolutionConfigurationPlatforms) = preSolution
		Debug|Any CPU = Debug|Any CPU
		Release|Any CPU = Release|Any CPU
	EndGlobalSection
	GlobalSection(ProjectConfigurationPlatforms) = postSolution
		{69F49261-25BF-4D24-9AC1-20442B59005F}.Debug|Any CPU.ActiveCfg = Debug|Any CPU
		{69F49261-25BF-4D24-9AC1-20442B59005F}.Debug|Any CPU.Build.0 = Debug|Any CPU
		{69F49261-25BF-4D24-9AC1-20442B59005F}.Release|Any CPU.ActiveCfg = Release|Any CPU
		{69F49261-25BF-4D24-9AC1-20442B59005F}.Release|Any CPU.Build.0 = Release|Any CPU
		{28E70B01-5774-4591-8558-2124528DA2F0}.Debug|Any CPU.ActiveCfg = Debug|Any CPU
		{28E70B01-5774-4591-8558-2124528DA2F0}.Debug|Any CPU.Build.0 = Debug|Any CPU
		{28E70B01-5774-4591-8558-2124528DA2F0}.Release|Any CPU.ActiveCfg = Release|Any CPU
		{28E70B01-5774-4591-8558-2124528DA2F0}.Release|Any CPU.Build.0 = Release|Any CPU
		{F0BB6B61-04FB-4970-A323-7085DDAEEFDD}.Debug|Any CPU.ActiveCfg = Debug|Any CPU
		{F0BB6B61-04FB-4970-A323-7085DDAEEFDD}.Debug|Any CPU.Build.0 = Debug|Any CPU
		{F0BB6B61-04FB-4970-A323-7085DDAEEFDD}.Release|Any CPU.ActiveCfg = Release|Any CPU
		{F0BB6B61-04FB-4970-A323-7085DDAEEFDD}.Release|Any CPU.Build.0 = Release|Any CPU
	EndGlobalSection
	GlobalSection(SolutionProperties) = preSolution
		HideSolutionNode = FALSE
	EndGlobalSection
	GlobalSection(ExtensibilityGlobals) = postSolution
		SolutionGuid = {CCF63346-6108-4195-8563-D87E3EB98B29}
	EndGlobalSection
EndGlobal
